
Microsoft Visual Studio Solution File, Format Version 12.00
# Visual Studio 15
VisualStudioVersion = 15.0.27130.2003
MinimumVisualStudioVersion = 10.0.40219.1
Project("{FAE04EC0-301F-11D3-BF4B-00C04F79EFBC}") = "zad3_smtp", "zad3_smtp\zad3_smtp.csproj", "{EFF13999-8C93-40FB-ADFB-E0355CB6A1BB}"
EndProject
Global
	GlobalSection(SolutionConfigurationPlatforms) = preSolution
		Debug|Any CPU = Debug|Any CPU
		Release|Any CPU = Release|Any CPU
	EndGlobalSection
	GlobalSection(ProjectConfigurationPlatforms) = postSolution
		{EFF13999-8C93-40FB-ADFB-E0355CB6A1BB}.Debug|Any CPU.ActiveCfg = Debug|Any CPU
		{EFF13999-8C93-40FB-ADFB-E0355CB6A1BB}.Debug|Any CPU.Build.0 = Debug|Any CPU
		{EFF13999-8C93-40FB-ADFB-E0355CB6A1BB}.Release|Any CPU.ActiveCfg = Release|Any CPU
		{EFF13999-8C93-40FB-ADFB-E0355CB6A1BB}.Release|Any CPU.Build.0 = Release|Any CPU
	EndGlobalSection
	GlobalSection(SolutionProperties) = preSolution
		HideSolutionNode = FALSE
	EndGlobalSection
	GlobalSection(ExtensibilityGlobals) = postSolution
		SolutionGuid = {D36E4ABF-01E7-4946-A92B-C4A11B738EA3}
	EndGlobalSection
EndGlobal
