
Microsoft Visual Studio Solution File, Format Version 12.00
# Visual Studio 15
VisualStudioVersion = 15.0.28307.271
MinimumVisualStudioVersion = 10.0.40219.1
Project("{FAE04EC0-301F-11D3-BF4B-00C04F79EFBC}") = "zad4_ftp", "zad4_ftp\zad4_ftp.csproj", "{F26BF979-10E6-41FA-B1A7-A66CA6059D7A}"
EndProject
Global
	GlobalSection(SolutionConfigurationPlatforms) = preSolution
		Debug|Any CPU = Debug|Any CPU
		Release|Any CPU = Release|Any CPU
	EndGlobalSection
	GlobalSection(ProjectConfigurationPlatforms) = postSolution
		{F26BF979-10E6-41FA-B1A7-A66CA6059D7A}.Debug|Any CPU.ActiveCfg = Debug|Any CPU
		{F26BF979-10E6-41FA-B1A7-A66CA6059D7A}.Debug|Any CPU.Build.0 = Debug|Any CPU
		{F26BF979-10E6-41FA-B1A7-A66CA6059D7A}.Release|Any CPU.ActiveCfg = Release|Any CPU
		{F26BF979-10E6-41FA-B1A7-A66CA6059D7A}.Release|Any CPU.Build.0 = Release|Any CPU
	EndGlobalSection
	GlobalSection(SolutionProperties) = preSolution
		HideSolutionNode = FALSE
	EndGlobalSection
	GlobalSection(ExtensibilityGlobals) = postSolution
		SolutionGuid = {FCB249A2-A8AB-48B1-9D25-0B6A6B61331C}
	EndGlobalSection
EndGlobal
